
Microsoft Visual Studio Solution File, Format Version 12.00
# Visual Studio Version 17
VisualStudioVersion = 17.10.34928.147
MinimumVisualStudioVersion = 10.0.40219.1
Project("{FAE04EC0-301F-11D3-BF4B-00C04F79EFBC}") = "GaMeR", "GaMeR\GaMeR.csproj", "{8DEEA81E-3272-4302-95DB-C5AF8CCD9F0F}"
EndProject
Global
	GlobalSection(SolutionConfigurationPlatforms) = preSolution
		Debug|Any CPU = Debug|Any CPU
		Release|Any CPU = Release|Any CPU
	EndGlobalSection
	GlobalSection(ProjectConfigurationPlatforms) = postSolution
		{8DEEA81E-3272-4302-95DB-C5AF8CCD9F0F}.Debug|Any CPU.ActiveCfg = Debug|Any CPU
		{8DEEA81E-3272-4302-95DB-C5AF8CCD9F0F}.Debug|Any CPU.Build.0 = Debug|Any CPU
		{8DEEA81E-3272-4302-95DB-C5AF8CCD9F0F}.Release|Any CPU.ActiveCfg = Release|Any CPU
		{8DEEA81E-3272-4302-95DB-C5AF8CCD9F0F}.Release|Any CPU.Build.0 = Release|Any CPU
	EndGlobalSection
	GlobalSection(SolutionProperties) = preSolution
		HideSolutionNode = FALSE
	EndGlobalSection
	GlobalSection(ExtensibilityGlobals) = postSolution
		SolutionGuid = {2AD1793D-76B9-4A97-9B91-5D3603662536}
	EndGlobalSection
EndGlobal
